
Microsoft Visual Studio Solution File, Format Version 12.00
# Visual Studio Version 17
VisualStudioVersion = 17.11.35219.272
MinimumVisualStudioVersion = 10.0.40219.1
Project("{FAE04EC0-301F-11D3-BF4B-00C04F79EFBC}") = "Metodlar", "Metodlar\Metodlar.csproj", "{530D2F09-C399-4146-8841-450BFC2D6A62}"
EndProject
Project("{FAE04EC0-301F-11D3-BF4B-00C04F79EFBC}") = "Matematik", "Matematik\Matematik.csproj", "{92315D37-1530-450A-8B60-4361EFF63105}"
EndProject
Project("{FAE04EC0-301F-11D3-BF4B-00C04F79EFBC}") = "DegerVeReferansTipler", "DegerVeReferansTipler\DegerVeReferansTipler.csproj", "{2673928A-AF23-414F-99C8-AF948408FDAA}"
EndProject
Project("{FAE04EC0-301F-11D3-BF4B-00C04F79EFBC}") = "OOP1", "OOP1\OOP1.csproj", "{99F3292F-20A3-4107-815C-3A655A949CAD}"
EndProject
Project("{FAE04EC0-301F-11D3-BF4B-00C04F79EFBC}") = "Koleksiyonlar", "Koleksiyonlar\Koleksiyonlar.csproj", "{908393FD-B412-4795-8903-3D5E534905D3}"
EndProject
Project("{FAE04EC0-301F-11D3-BF4B-00C04F79EFBC}") = "GenericsIntro", "GenericsIntro\GenericsIntro.csproj", "{F30FEBB8-C40C-46EA-8D7F-52ACBE880B6A}"
EndProject
Global
	GlobalSection(SolutionConfigurationPlatforms) = preSolution
		Debug|Any CPU = Debug|Any CPU
		Release|Any CPU = Release|Any CPU
	EndGlobalSection
	GlobalSection(ProjectConfigurationPlatforms) = postSolution
		{530D2F09-C399-4146-8841-450BFC2D6A62}.Debug|Any CPU.ActiveCfg = Debug|Any CPU
		{530D2F09-C399-4146-8841-450BFC2D6A62}.Debug|Any CPU.Build.0 = Debug|Any CPU
		{530D2F09-C399-4146-8841-450BFC2D6A62}.Release|Any CPU.ActiveCfg = Release|Any CPU
		{530D2F09-C399-4146-8841-450BFC2D6A62}.Release|Any CPU.Build.0 = Release|Any CPU
		{92315D37-1530-450A-8B60-4361EFF63105}.Debug|Any CPU.ActiveCfg = Debug|Any CPU
		{92315D37-1530-450A-8B60-4361EFF63105}.Debug|Any CPU.Build.0 = Debug|Any CPU
		{92315D37-1530-450A-8B60-4361EFF63105}.Release|Any CPU.ActiveCfg = Release|Any CPU
		{92315D37-1530-450A-8B60-4361EFF63105}.Release|Any CPU.Build.0 = Release|Any CPU
		{2673928A-AF23-414F-99C8-AF948408FDAA}.Debug|Any CPU.ActiveCfg = Debug|Any CPU
		{2673928A-AF23-414F-99C8-AF948408FDAA}.Debug|Any CPU.Build.0 = Debug|Any CPU
		{2673928A-AF23-414F-99C8-AF948408FDAA}.Release|Any CPU.ActiveCfg = Release|Any CPU
		{2673928A-AF23-414F-99C8-AF948408FDAA}.Release|Any CPU.Build.0 = Release|Any CPU
		{99F3292F-20A3-4107-815C-3A655A949CAD}.Debug|Any CPU.ActiveCfg = Debug|Any CPU
		{99F3292F-20A3-4107-815C-3A655A949CAD}.Debug|Any CPU.Build.0 = Debug|Any CPU
		{99F3292F-20A3-4107-815C-3A655A949CAD}.Release|Any CPU.ActiveCfg = Release|Any CPU
		{99F3292F-20A3-4107-815C-3A655A949CAD}.Release|Any CPU.Build.0 = Release|Any CPU
		{908393FD-B412-4795-8903-3D5E534905D3}.Debug|Any CPU.ActiveCfg = Debug|Any CPU
		{908393FD-B412-4795-8903-3D5E534905D3}.Debug|Any CPU.Build.0 = Debug|Any CPU
		{908393FD-B412-4795-8903-3D5E534905D3}.Release|Any CPU.ActiveCfg = Release|Any CPU
		{908393FD-B412-4795-8903-3D5E534905D3}.Release|Any CPU.Build.0 = Release|Any CPU
		{F30FEBB8-C40C-46EA-8D7F-52ACBE880B6A}.Debug|Any CPU.ActiveCfg = Debug|Any CPU
		{F30FEBB8-C40C-46EA-8D7F-52ACBE880B6A}.Debug|Any CPU.Build.0 = Debug|Any CPU
		{F30FEBB8-C40C-46EA-8D7F-52ACBE880B6A}.Release|Any CPU.ActiveCfg = Release|Any CPU
		{F30FEBB8-C40C-46EA-8D7F-52ACBE880B6A}.Release|Any CPU.Build.0 = Release|Any CPU
	EndGlobalSection
	GlobalSection(SolutionProperties) = preSolution
		HideSolutionNode = FALSE
	EndGlobalSection
	GlobalSection(ExtensibilityGlobals) = postSolution
		SolutionGuid = {AA1BDA19-56B1-424C-BB3C-C954DC455DB1}
	EndGlobalSection
EndGlobal
